
Microsoft Visual Studio Solution File, Format Version 12.00
# Visual Studio Version 16
VisualStudioVersion = 16.0.30717.126
MinimumVisualStudioVersion = 10.0.40219.1
Project("{9A19103F-16F7-4668-BE54-9A1E7A4F7556}") = "FrontEnd", "FrontEnd.csproj", "{ADF0794C-2CAD-4668-8855-99CAD2642191}"
EndProject
Project("{FAE04EC0-301F-11D3-BF4B-00C04F79EFBC}") = "FrontEnd.API", "..\FrontEnd.API\FrontEnd.API.csproj", "{4922EBAC-4C58-41EA-B034-51DD71FDE9F8}"
EndProject
Global
	GlobalSection(SolutionConfigurationPlatforms) = preSolution
		Debug|Any CPU = Debug|Any CPU
		Release|Any CPU = Release|Any CPU
	EndGlobalSection
	GlobalSection(ProjectConfigurationPlatforms) = postSolution
		{ADF0794C-2CAD-4668-8855-99CAD2642191}.Debug|Any CPU.ActiveCfg = Debug|Any CPU
		{ADF0794C-2CAD-4668-8855-99CAD2642191}.Debug|Any CPU.Build.0 = Debug|Any CPU
		{ADF0794C-2CAD-4668-8855-99CAD2642191}.Release|Any CPU.ActiveCfg = Release|Any CPU
		{ADF0794C-2CAD-4668-8855-99CAD2642191}.Release|Any CPU.Build.0 = Release|Any CPU
		{4922EBAC-4C58-41EA-B034-51DD71FDE9F8}.Debug|Any CPU.ActiveCfg = Debug|Any CPU
		{4922EBAC-4C58-41EA-B034-51DD71FDE9F8}.Debug|Any CPU.Build.0 = Debug|Any CPU
		{4922EBAC-4C58-41EA-B034-51DD71FDE9F8}.Release|Any CPU.ActiveCfg = Release|Any CPU
		{4922EBAC-4C58-41EA-B034-51DD71FDE9F8}.Release|Any CPU.Build.0 = Release|Any CPU
	EndGlobalSection
	GlobalSection(SolutionProperties) = preSolution
		HideSolutionNode = FALSE
	EndGlobalSection
	GlobalSection(ExtensibilityGlobals) = postSolution
		SolutionGuid = {87F3790F-9A25-447A-BAC4-9D5D9AFD3913}
	EndGlobalSection
EndGlobal
