
Microsoft Visual Studio Solution File, Format Version 12.00
# Visual Studio Version 16
VisualStudioVersion = 16.0.30717.126
MinimumVisualStudioVersion = 10.0.40219.1
Project("{FAE04EC0-301F-11D3-BF4B-00C04F79EFBC}") = "BackEnd", "BackEnd.csproj", "{42253B97-9ACA-48F1-88A6-EF55A5439B02}"
EndProject
Project("{FAE04EC0-301F-11D3-BF4B-00C04F79EFBC}") = "DO", "..\DO\DO.csproj", "{65A1198C-0A04-4AC8-BDCD-6B30CD356B38}"
EndProject
Project("{FAE04EC0-301F-11D3-BF4B-00C04F79EFBC}") = "BS", "..\BS\BS.csproj", "{4CE39299-6B26-470C-A556-02352FB4A8E0}"
EndProject
Project("{FAE04EC0-301F-11D3-BF4B-00C04F79EFBC}") = "DAL", "..\DAL\DAL.csproj", "{30B39897-5B3E-4C11-B93C-65C512B92C4C}"
EndProject
Project("{FAE04EC0-301F-11D3-BF4B-00C04F79EFBC}") = "DAL.EF", "..\DAL.EF\DAL.EF.csproj", "{6533EF75-987C-4300-BEF6-6D4E7047A43A}"
EndProject
Project("{FAE04EC0-301F-11D3-BF4B-00C04F79EFBC}") = "DAL.Repository", "..\DAL.Repository\DAL.Repository.csproj", "{7CAB811B-5B63-4687-8337-1D81E1C404C7}"
EndProject
Project("{FAE04EC0-301F-11D3-BF4B-00C04F79EFBC}") = "API.Wizzard", "..\API.Wizzard\API.Wizzard.csproj", "{021F59B6-ED56-4C81-8456-CDBF5F9C93CA}"
EndProject
Global
	GlobalSection(SolutionConfigurationPlatforms) = preSolution
		Debug|Any CPU = Debug|Any CPU
		Release|Any CPU = Release|Any CPU
	EndGlobalSection
	GlobalSection(ProjectConfigurationPlatforms) = postSolution
		{42253B97-9ACA-48F1-88A6-EF55A5439B02}.Debug|Any CPU.ActiveCfg = Debug|Any CPU
		{42253B97-9ACA-48F1-88A6-EF55A5439B02}.Debug|Any CPU.Build.0 = Debug|Any CPU
		{42253B97-9ACA-48F1-88A6-EF55A5439B02}.Release|Any CPU.ActiveCfg = Release|Any CPU
		{42253B97-9ACA-48F1-88A6-EF55A5439B02}.Release|Any CPU.Build.0 = Release|Any CPU
		{65A1198C-0A04-4AC8-BDCD-6B30CD356B38}.Debug|Any CPU.ActiveCfg = Debug|Any CPU
		{65A1198C-0A04-4AC8-BDCD-6B30CD356B38}.Debug|Any CPU.Build.0 = Debug|Any CPU
		{65A1198C-0A04-4AC8-BDCD-6B30CD356B38}.Release|Any CPU.ActiveCfg = Release|Any CPU
		{65A1198C-0A04-4AC8-BDCD-6B30CD356B38}.Release|Any CPU.Build.0 = Release|Any CPU
		{4CE39299-6B26-470C-A556-02352FB4A8E0}.Debug|Any CPU.ActiveCfg = Debug|Any CPU
		{4CE39299-6B26-470C-A556-02352FB4A8E0}.Debug|Any CPU.Build.0 = Debug|Any CPU
		{4CE39299-6B26-470C-A556-02352FB4A8E0}.Release|Any CPU.ActiveCfg = Release|Any CPU
		{4CE39299-6B26-470C-A556-02352FB4A8E0}.Release|Any CPU.Build.0 = Release|Any CPU
		{30B39897-5B3E-4C11-B93C-65C512B92C4C}.Debug|Any CPU.ActiveCfg = Debug|Any CPU
		{30B39897-5B3E-4C11-B93C-65C512B92C4C}.Debug|Any CPU.Build.0 = Debug|Any CPU
		{30B39897-5B3E-4C11-B93C-65C512B92C4C}.Release|Any CPU.ActiveCfg = Release|Any CPU
		{30B39897-5B3E-4C11-B93C-65C512B92C4C}.Release|Any CPU.Build.0 = Release|Any CPU
		{6533EF75-987C-4300-BEF6-6D4E7047A43A}.Debug|Any CPU.ActiveCfg = Debug|Any CPU
		{6533EF75-987C-4300-BEF6-6D4E7047A43A}.Debug|Any CPU.Build.0 = Debug|Any CPU
		{6533EF75-987C-4300-BEF6-6D4E7047A43A}.Release|Any CPU.ActiveCfg = Release|Any CPU
		{6533EF75-987C-4300-BEF6-6D4E7047A43A}.Release|Any CPU.Build.0 = Release|Any CPU
		{7CAB811B-5B63-4687-8337-1D81E1C404C7}.Debug|Any CPU.ActiveCfg = Debug|Any CPU
		{7CAB811B-5B63-4687-8337-1D81E1C404C7}.Debug|Any CPU.Build.0 = Debug|Any CPU
		{7CAB811B-5B63-4687-8337-1D81E1C404C7}.Release|Any CPU.ActiveCfg = Release|Any CPU
		{7CAB811B-5B63-4687-8337-1D81E1C404C7}.Release|Any CPU.Build.0 = Release|Any CPU
		{021F59B6-ED56-4C81-8456-CDBF5F9C93CA}.Debug|Any CPU.ActiveCfg = Debug|Any CPU
		{021F59B6-ED56-4C81-8456-CDBF5F9C93CA}.Debug|Any CPU.Build.0 = Debug|Any CPU
		{021F59B6-ED56-4C81-8456-CDBF5F9C93CA}.Release|Any CPU.ActiveCfg = Release|Any CPU
		{021F59B6-ED56-4C81-8456-CDBF5F9C93CA}.Release|Any CPU.Build.0 = Release|Any CPU
	EndGlobalSection
	GlobalSection(SolutionProperties) = preSolution
		HideSolutionNode = FALSE
	EndGlobalSection
	GlobalSection(ExtensibilityGlobals) = postSolution
		SolutionGuid = {8E956D9A-81F1-4AE6-A400-E740B88EE111}
	EndGlobalSection
EndGlobal
